
Microsoft Visual Studio Solution File, Format Version 12.00
# Visual Studio 15
VisualStudioVersion = 15.0.27004.2010
MinimumVisualStudioVersion = 10.0.40219.1
Project("{FAE04EC0-301F-11D3-BF4B-00C04F79EFBC}") = "DiagNobile", "DiagNobile\DiagNobile.csproj", "{634B2CF0-434E-40E8-8038-FFB37A33A9D9}"
EndProject
Global
	GlobalSection(Performance) = preSolution
		HasPerformanceSessions = true
	EndGlobalSection
	GlobalSection(SolutionConfigurationPlatforms) = preSolution
		Debug|Any CPU = Debug|Any CPU
		Release|Any CPU = Release|Any CPU
	EndGlobalSection
	GlobalSection(ProjectConfigurationPlatforms) = postSolution
		{634B2CF0-434E-40E8-8038-FFB37A33A9D9}.Debug|Any CPU.ActiveCfg = Debug|Any CPU
		{634B2CF0-434E-40E8-8038-FFB37A33A9D9}.Debug|Any CPU.Build.0 = Debug|Any CPU
		{634B2CF0-434E-40E8-8038-FFB37A33A9D9}.Release|Any CPU.ActiveCfg = Release|Any CPU
		{634B2CF0-434E-40E8-8038-FFB37A33A9D9}.Release|Any CPU.Build.0 = Release|Any CPU
	EndGlobalSection
	GlobalSection(SolutionProperties) = preSolution
		HideSolutionNode = FALSE
	EndGlobalSection
	GlobalSection(ExtensibilityGlobals) = postSolution
		SolutionGuid = {E8C46B09-9F51-4499-A7F5-0AB421EC6887}
	EndGlobalSection
EndGlobal
